// !$*UTF8*$!
{
	archiveVersion = 1;
	classes = {
	};
	objectVersion = 46;
	objects = {

/* Begin PBXBuildFile section */
		2BDAD78C1CBEA11700F0298E /* AppDelegate.swift in Sources */ = {isa = PBXBuildFile; fileRef = 2BDAD78B1CBEA11700F0298E /* AppDelegate.swift */; };
		2BDAD78E1CBEA11700F0298E /* ViewController.swift in Sources */ = {isa = PBXBuildFile; fileRef = 2BDAD78D1CBEA11700F0298E /* ViewController.swift */; };
		2BDAD7911CBEA11700F0298E /* Main.storyboard in Resources */ = {isa = PBXBuildFile; fileRef = 2BDAD78F1CBEA11700F0298E /* Main.storyboard */; };
		2BDAD7931CBEA11700F0298E /* Assets.xcassets in Resources */ = {isa = PBXBuildFile; fileRef = 2BDAD7921CBEA11700F0298E /* Assets.xcassets */; };
		2BDAD7961CBEA11700F0298E /* LaunchScreen.storyboard in Resources */ = {isa = PBXBuildFile; fileRef = 2BDAD7941CBEA11700F0298E /* LaunchScreen.storyboard */; };
		2BDAD7A11CBEA11700F0298E /* LoLUdacityTests.swift in Sources */ = {isa = PBXBuildFile; fileRef = 2BDAD7A01CBEA11700F0298E /* LoLUdacityTests.swift */; };
		2BDAD7AC1CBEA11700F0298E /* LoLUdacityUITests.swift in Sources */ = {isa = PBXBuildFile; fileRef = 2BDAD7AB1CBEA11700F0298E /* LoLUdacityUITests.swift */; };
/* End PBXBuildFile section */

/* Begin PBXContainerItemProxy section */
		2BDAD79D1CBEA11700F0298E /* PBXContainerItemProxy */ = {
			isa = PBXContainerItemProxy;
			containerPortal = 2BDAD7801CBEA11700F0298E /* Project object */;
			proxyType = 1;
			remoteGlobalIDString = 2BDAD7871CBEA11700F0298E;
			remoteInfo = LoLUdacity;
		};
		2BDAD7A81CBEA11700F0298E /* PBXContainerItemProxy */ = {
			isa = PBXContainerItemProxy;
			containerPortal = 2BDAD7801CBEA11700F0298E /* Project object */;
			proxyType = 1;
			remoteGlobalIDString = 2BDAD7871CBEA11700F0298E;
			remoteInfo = LoLUdacity;
		};
/* End PBXContainerItemProxy section */

/* Begin PBXFileReference section */
		2BDAD7881CBEA11700F0298E /* LoLUdacity.app */ = {isa = PBXFileReference; explicitFileType = wrapper.application; includeInIndex = 0; path = LoLUdacity.app; sourceTree = BUILT_PRODUCTS_DIR; };
		2BDAD78B1CBEA11700F0298E /* AppDelegate.swift */ = {isa = PBXFileReference; lastKnownFileType = sourcecode.swift; path = AppDelegate.swift; sourceTree = "<group>"; };
		2BDAD78D1CBEA11700F0298E /* ViewController.swift */ = {isa = PBXFileReference; lastKnownFileType = sourcecode.swift; path = ViewController.swift; sourceTree = "<group>"; };
		2BDAD7901CBEA11700F0298E /* Base */ = {isa = PBXFileReference; lastKnownFileType = file.storyboard; name = Base; path = Base.lproj/Main.storyboard; sourceTree = "<group>"; };
		2BDAD7921CBEA11700F0298E /* Assets.xcassets */ = {isa = PBXFileReference; lastKnownFileType = folder.assetcatalog; path = Assets.xcassets; sourceTree = "<group>"; };
		2BDAD7951CBEA11700F0298E /* Base */ = {isa = PBXFileReference; lastKnownFileType = file.storyboard; name = Base; path = Base.lproj/LaunchScreen.storyboard; sourceTree = "<group>"; };
		2BDAD7971CBEA11700F0298E /* Info.plist */ = {isa = PBXFileReference; lastKnownFileType = text.plist.xml; path = Info.plist; sourceTree = "<group>"; };
		2BDAD79C1CBEA11700F0298E /* LoLUdacityTests.xctest */ = {isa = PBXFileReference; explicitFileType = wrapper.cfbundle; includeInIndex = 0; path = LoLUdacityTests.xctest; sourceTree = BUILT_PRODUCTS_DIR; };
		2BDAD7A01CBEA11700F0298E /* LoLUdacityTests.swift */ = {isa = PBXFileReference; lastKnownFileType = sourcecode.swift; path = LoLUdacityTests.swift; sourceTree = "<group>"; };
		2BDAD7A21CBEA11700F0298E /* Info.plist */ = {isa = PBXFileReference; lastKnownFileType = text.plist.xml; path = Info.plist; sourceTree = "<group>"; };
		2BDAD7A71CBEA11700F0298E /* LoLUdacityUITests.xctest */ = {isa = PBXFileReference; explicitFileType = wrapper.cfbundle; includeInIndex = 0; path = LoLUdacityUITests.xctest; sourceTree = BUILT_PRODUCTS_DIR; };
		2BDAD7AB1CBEA11700F0298E /* LoLUdacityUITests.swift */ = {isa = PBXFileReference; lastKnownFileType = sourcecode.swift; path = LoLUdacityUITests.swift; sourceTree = "<group>"; };
		2BDAD7AD1CBEA11700F0298E /* Info.plist */ = {isa = PBXFileReference; lastKnownFileType = text.plist.xml; path = Info.plist; sourceTree = "<group>"; };
/* End PBXFileReference section */

/* Begin PBXFrameworksBuildPhase section */
		2BDAD7851CBEA11700F0298E /* Frameworks */ = {
			isa = PBXFrameworksBuildPhase;
			buildActionMask = 2147483647;
			files = (
			);
			runOnlyForDeploymentPostprocessing = 0;
		};
		2BDAD7991CBEA11700F0298E /* Frameworks */ = {
			isa = PBXFrameworksBuildPhase;
			buildActionMask = 2147483647;
			files = (
			);
			runOnlyForDeploymentPostprocessing = 0;
		};
		2BDAD7A41CBEA11700F0298E /* Frameworks */ = {
			isa = PBXFrameworksBuildPhase;
			buildActionMask = 2147483647;
			files = (
			);
			runOnlyForDeploymentPostprocessing = 0;
		};
/* End PBXFrameworksBuildPhase section */

/* Begin PBXGroup section */
		2BDAD77F1CBEA11700F0298E = {
			isa = PBXGroup;
			children = (
				2BDAD78A1CBEA11700F0298E /* LoLUdacity */,
				2BDAD79F1CBEA11700F0298E /* LoLUdacityTests */,
				2BDAD7AA1CBEA11700F0298E /* LoLUdacityUITests */,
				2BDAD7891CBEA11700F0298E /* Products */,
			);
			sourceTree = "<group>";
		};
		2BDAD7891CBEA11700F0298E /* Products */ = {
			isa = PBXGroup;
			children = (
				2BDAD7881CBEA11700F0298E /* LoLUdacity.app */,
				2BDAD79C1CBEA11700F0298E /* LoLUdacityTests.xctest */,
				2BDAD7A71CBEA11700F0298E /* LoLUdacityUITests.xctest */,
			);
			name = Products;
			sourceTree = "<group>";
		};
		2BDAD78A1CBEA11700F0298E /* LoLUdacity */ = {
			isa = PBXGroup;
			children = (
				2BDAD78B1CBEA11700F0298E /* AppDelegate.swift */,
				2BDAD78D1CBEA11700F0298E /* ViewController.swift */,
				2BDAD78F1CBEA11700F0298E /* Main.storyboard */,
				2BDAD7921CBEA11700F0298E /* Assets.xcassets */,
				2BDAD7941CBEA11700F0298E /* LaunchScreen.storyboard */,
				2BDAD7971CBEA11700F0298E /* Info.plist */,
			);
			path = LoLUdacity;
			sourceTree = "<group>";
		};
		2BDAD79F1CBEA11700F0298E /* LoLUdacityTests */ = {
			isa = PBXGroup;
			children = (
				2BDAD7A01CBEA11700F0298E /* LoLUdacityTests.swift */,
				2BDAD7A21CBEA11700F0298E /* Info.plist */,
			);
			path = LoLUdacityTests;
			sourceTree = "<group>";
		};
		2BDAD7AA1CBEA11700F0298E /* LoLUdacityUITests */ = {
			isa = PBXGroup;
			children = (
				2BDAD7AB1CBEA11700F0298E /* LoLUdacityUITests.swift */,
				2BDAD7AD1CBEA11700F0298E /* Info.plist */,
			);
			path = LoLUdacityUITests;
			sourceTree = "<group>";
		};
/* End PBXGroup section */

/* Begin PBXNativeTarget section */
		2BDAD7871CBEA11700F0298E /* LoLUdacity */ = {
			isa = PBXNativeTarget;
			buildConfigurationList = 2BDAD7B01CBEA11700F0298E /* Build configuration list for PBXNativeTarget "LoLUdacity" */;
			buildPhases = (
				2BDAD7841CBEA11700F0298E /* Sources */,
				2BDAD7851CBEA11700F0298E /* Frameworks */,
				2BDAD7861CBEA11700F0298E /* Resources */,
			);
			buildRules = (
			);
			dependencies = (
			);
			name = LoLUdacity;
			productName = LoLUdacity;
			productReference = 2BDAD7881CBEA11700F0298E /* LoLUdacity.app */;
			productType = "com.apple.product-type.application";
		};
		2BDAD79B1CBEA11700F0298E /* LoLUdacityTests */ = {
			isa = PBXNativeTarget;
			buildConfigurationList = 2BDAD7B31CBEA11700F0298E /* Build configuration list for PBXNativeTarget "LoLUdacityTests" */;
			buildPhases = (
				2BDAD7981CBEA11700F0298E /* Sources */,
				2BDAD7991CBEA11700F0298E /* Frameworks */,
				2BDAD79A1CBEA11700F0298E /* Resources */,
			);
			buildRules = (
			);
			dependencies = (
				2BDAD79E1CBEA11700F0298E /* PBXTargetDependency */,
			);
			name = LoLUdacityTests;
			productName = LoLUdacityTests;
			productReference = 2BDAD79C1CBEA11700F0298E /* LoLUdacityTests.xctest */;
			productType = "com.apple.product-type.bundle.unit-test";
		};
		2BDAD7A61CBEA11700F0298E /* LoLUdacityUITests */ = {
			isa = PBXNativeTarget;
			buildConfigurationList = 2BDAD7B61CBEA11700F0298E /* Build configuration list for PBXNativeTarget "LoLUdacityUITests" */;
			buildPhases = (
				2BDAD7A31CBEA11700F0298E /* Sources */,
				2BDAD7A41CBEA11700F0298E /* Frameworks */,
				2BDAD7A51CBEA11700F0298E /* Resources */,
			);
			buildRules = (
			);
			dependencies = (
				2BDAD7A91CBEA11700F0298E /* PBXTargetDependency */,
			);
			name = LoLUdacityUITests;
			productName = LoLUdacityUITests;
			productReference = 2BDAD7A71CBEA11700F0298E /* LoLUdacityUITests.xctest */;
			productType = "com.apple.product-type.bundle.ui-testing";
		};
/* End PBXNativeTarget section */

/* Begin PBXProject section */
		2BDAD7801CBEA11700F0298E /* Project object */ = {
			isa = PBXProject;
			attributes = {
				LastSwiftUpdateCheck = 0730;
				LastUpgradeCheck = 0730;
				ORGANIZATIONNAME = "Victor Hong";
				TargetAttributes = {
					2BDAD7871CBEA11700F0298E = {
						CreatedOnToolsVersion = 7.3;
						DevelopmentTeam = AHJW4W53WY;
					};
					2BDAD79B1CBEA11700F0298E = {
						CreatedOnToolsVersion = 7.3;
						DevelopmentTeam = AHJW4W53WY;
						TestTargetID = 2BDAD7871CBEA11700F0298E;
					};
					2BDAD7A61CBEA11700F0298E = {
						CreatedOnToolsVersion = 7.3;
						DevelopmentTeam = AHJW4W53WY;
						TestTargetID = 2BDAD7871CBEA11700F0298E;
					};
				};
			};
			buildConfigurationList = 2BDAD7831CBEA11700F0298E /* Build configuration list for PBXProject "LoLUdacity" */;
			compatibilityVersion = "Xcode 3.2";
			developmentRegion = English;
			hasScannedForEncodings = 0;
			knownRegions = (
				en,
				Base,
			);
			mainGroup = 2BDAD77F1CBEA11700F0298E;
			productRefGroup = 2BDAD7891CBEA11700F0298E /* Products */;
			projectDirPath = "";
			projectRoot = "";
			targets = (
				2BDAD7871CBEA11700F0298E /* LoLUdacity */,
				2BDAD79B1CBEA11700F0298E /* LoLUdacityTests */,
				2BDAD7A61CBEA11700F0298E /* LoLUdacityUITests */,
			);
		};
/* End PBXProject section */

/* Begin PBXResourcesBuildPhase section */
		2BDAD7861CBEA11700F0298E /* Resources */ = {
			isa = PBXResourcesBuildPhase;
			buildActionMask = 2147483647;
			files = (
				2BDAD7961CBEA11700F0298E /* LaunchScreen.storyboard in Resources */,
				2BDAD7931CBEA11700F0298E /* Assets.xcassets in Resources */,
				2BDAD7911CBEA11700F0298E /* Main.storyboard in Resources */,
			);
			runOnlyForDeploymentPostprocessing = 0;
		};
		2BDAD79A1CBEA11700F0298E /* Resources */ = {
			isa = PBXResourcesBuildPhase;
			buildActionMask = 2147483647;
			files = (
			);
			runOnlyForDeploymentPostprocessing = 0;
		};
		2BDAD7A51CBEA11700F0298E /* Resources */ = {
			isa = PBXResourcesBuildPhase;
			buildActionMask = 2147483647;
			files = (
			);
			runOnlyForDeploymentPostprocessing = 0;
		};
/* End PBXResourcesBuildPhase section */

/* Begin PBXSourcesBuildPhase section */
		2BDAD7841CBEA11700F0298E /* Sources */ = {
			isa = PBXSourcesBuildPhase;
			buildActionMask = 2147483647;
			files = (
				2BDAD78E1CBEA11700F0298E /* ViewController.swift in Sources */,
				2BDAD78C1CBEA11700F0298E /* AppDelegate.swift in Sources */,
			);
			runOnlyForDeploymentPostprocessing = 0;
		};
		2BDAD7981CBEA11700F0298E /* Sources */ = {
			isa = PBXSourcesBuildPhase;
			buildActionMask = 2147483647;
			files = (
				2BDAD7A11CBEA11700F0298E /* LoLUdacityTests.swift in Sources */,
			);
			runOnlyForDeploymentPostprocessing = 0;
		};
		2BDAD7A31CBEA11700F0298E /* Sources */ = {
			isa = PBXSourcesBuildPhase;
			buildActionMask = 2147483647;
			files = (
				2BDAD7AC1CBEA11700F0298E /* LoLUdacityUITests.swift in Sources */,
			);
			runOnlyForDeploymentPostprocessing = 0;
		};
/* End PBXSourcesBuildPhase section */

/* Begin PBXTargetDependency section */
		2BDAD79E1CBEA11700F0298E /* PBXTargetDependency */ = {
			isa = PBXTargetDependency;
			target = 2BDAD7871CBEA11700F0298E /* LoLUdacity */;
			targetProxy = 2BDAD79D1CBEA11700F0298E /* PBXContainerItemProxy */;
		};
		2BDAD7A91CBEA11700F0298E /* PBXTargetDependency */ = {
			isa = PBXTargetDependency;
			target = 2BDAD7871CBEA11700F0298E /* LoLUdacity */;
			targetProxy = 2BDAD7A81CBEA11700F0298E /* PBXContainerItemProxy */;
		};
/* End PBXTargetDependency section */

/* Begin PBXVariantGroup section */
		2BDAD78F1CBEA11700F0298E /* Main.storyboard */ = {
			isa = PBXVariantGroup;
			children = (
				2BDAD7901CBEA11700F0298E /* Base */,
			);
			name = Main.storyboard;
			sourceTree = "<group>";
		};
		2BDAD7941CBEA11700F0298E /* LaunchScreen.storyboard */ = {
			isa = PBXVariantGroup;
			children = (
				2BDAD7951CBEA11700F0298E /* Base */,
			);
			name = LaunchScreen.storyboard;
			sourceTree = "<group>";
		};
/* End PBXVariantGroup section */

/* Begin XCBuildConfiguration section */
		2BDAD7AE1CBEA11700F0298E /* Debug */ = {
			isa = XCBuildConfiguration;
			buildSettings = {
				ALWAYS_SEARCH_USER_PATHS = NO;
				CLANG_ANALYZER_NONNULL = YES;
				CLANG_CXX_LANGUAGE_STANDARD = "gnu++0x";
				CLANG_CXX_LIBRARY = "libc++";
				CLANG_ENABLE_MODULES = YES;
				CLANG_ENABLE_OBJC_ARC = YES;
				CLANG_WARN_BOOL_CONVERSION = YES;
				CLANG_WARN_CONSTANT_CONVERSION = YES;
				CLANG_WARN_DIRECT_OBJC_ISA_USAGE = YES_ERROR;
				CLANG_WARN_EMPTY_BODY = YES;
				CLANG_WARN_ENUM_CONVERSION = YES;
				CLANG_WARN_INT_CONVERSION = YES;
				CLANG_WARN_OBJC_ROOT_CLASS = YES_ERROR;
				CLANG_WARN_UNREACHABLE_CODE = YES;
				CLANG_WARN__DUPLICATE_METHOD_MATCH = YES;
				"CODE_SIGN_IDENTITY[sdk=iphoneos*]" = "iPhone Developer";
				COPY_PHASE_STRIP = NO;
				DEBUG_INFORMATION_FORMAT = dwarf;
				ENABLE_STRICT_OBJC_MSGSEND = YES;
				ENABLE_TESTABILITY = YES;
				GCC_C_LANGUAGE_STANDARD = gnu99;
				GCC_DYNAMIC_NO_PIC = NO;
				GCC_NO_COMMON_BLOCKS = YES;
				GCC_OPTIMIZATION_LEVEL = 0;
				GCC_PREPROCESSOR_DEFINITIONS = (
					"DEBUG=1",
					"$(inherited)",
				);
				GCC_WARN_64_TO_32_BIT_CONVERSION = YES;
				GCC_WARN_ABOUT_RETURN_TYPE = YES_ERROR;
				GCC_WARN_UNDECLARED_SELECTOR = YES;
				GCC_WARN_UNINITIALIZED_AUTOS = YES_AGGRESSIVE;
				GCC_WARN_UNUSED_FUNCTION = YES;
				GCC_WARN_UNUSED_VARIABLE = YES;
				IPHONEOS_DEPLOYMENT_TARGET = 9.3;
				MTL_ENABLE_DEBUG_INFO = YES;
				ONLY_ACTIVE_ARCH = YES;
				SDKROOT = iphoneos;
				SWIFT_OPTIMIZATION_LEVEL = "-Onone";
			};
			name = Debug;
		};
		2BDAD7AF1CBEA11700F0298E /* Release */ = {
			isa = XCBuildConfiguration;
			buildSettings = {
				ALWAYS_SEARCH_USER_PATHS = NO;
				CLANG_ANALYZER_NONNULL = YES;
				CLANG_CXX_LANGUAGE_STANDARD = "gnu++0x";
				CLANG_CXX_LIBRARY = "libc++";
				CLANG_ENABLE_MODULES = YES;
				CLANG_ENABLE_OBJC_ARC = YES;
				CLANG_WARN_BOOL_CONVERSION = YES;
				CLANG_WARN_CONSTANT_CONVERSION = YES;
				CLANG_WARN_DIRECT_OBJC_ISA_USAGE = YES_ERROR;
				CLANG_WARN_EMPTY_BODY = YES;
				CLANG_WARN_ENUM_CONVERSION = YES;
				CLANG_WARN_INT_CONVERSION = YES;
				CLANG_WARN_OBJC_ROOT_CLASS = YES_ERROR;
				CLANG_WARN_UNREACHABLE_CODE = YES;
				CLANG_WARN__DUPLICATE_METHOD_MATCH = YES;
				"CODE_SIGN_IDENTITY[sdk=iphoneos*]" = "iPhone Developer";
				COPY_PHASE_STRIP = NO;
				DEBUG_INFORMATION_FORMAT = "dwarf-with-dsym";
				ENABLE_NS_ASSERTIONS = NO;
				ENABLE_STRICT_OBJC_MSGSEND = YES;
				GCC_C_LANGUAGE_STANDARD = gnu99;
				GCC_NO_COMMON_BLOCKS = YES;
				GCC_WARN_64_TO_32_BIT_CONVERSION = YES;
				GCC_WARN_ABOUT_RETURN_TYPE = YES_ERROR;
				GCC_WARN_UNDECLARED_SELECTOR = YES;
				GCC_WARN_UNINITIALIZED_AUTOS = YES_AGGRESSIVE;
				GCC_WARN_UNUSED_FUNCTION = YES;
				GCC_WARN_UNUSED_VARIABLE = YES;
				IPHONEOS_DEPLOYMENT_TARGET = 9.3;
				MTL_ENABLE_DEBUG_INFO = NO;
				SDKROOT = iphoneos;
				VALIDATE_PRODUCT = YES;
			};
			name = Release;
		};
		2BDAD7B11CBEA11700F0298E /* Debug */ = {
			isa = XCBuildConfiguration;
			buildSettings = {
				ASSETCATALOG_COMPILER_APPICON_NAME = AppIcon;
				INFOPLIST_FILE = LoLUdacity/Info.plist;
				LD_RUNPATH_SEARCH_PATHS = "$(inherited) @executable_path/Frameworks";
				PRODUCT_BUNDLE_IDENTIFIER = com.victorhong.LoLUdacity;
				PRODUCT_NAME = "$(TARGET_NAME)";
			};
			name = Debug;
		};
		2BDAD7B21CBEA11700F0298E /* Release */ = {
			isa = XCBuildConfiguration;
			buildSettings = {
				ASSETCATALOG_COMPILER_APPICON_NAME = AppIcon;
				INFOPLIST_FILE = LoLUdacity/Info.plist;
				LD_RUNPATH_SEARCH_PATHS = "$(inherited) @executable_path/Frameworks";
				PRODUCT_BUNDLE_IDENTIFIER = com.victorhong.LoLUdacity;
				PRODUCT_NAME = "$(TARGET_NAME)";
			};
			name = Release;
		};
		2BDAD7B41CBEA11700F0298E /* Debug */ = {
			isa = XCBuildConfiguration;
			buildSettings = {
				BUNDLE_LOADER = "$(TEST_HOST)";
				INFOPLIST_FILE = LoLUdacityTests/Info.plist;
				LD_RUNPATH_SEARCH_PATHS = "$(inherited) @executable_path/Frameworks @loader_path/Frameworks";
				PRODUCT_BUNDLE_IDENTIFIER = com.victorhong.LoLUdacityTests;
				PRODUCT_NAME = "$(TARGET_NAME)";
				TEST_HOST = "$(BUILT_PRODUCTS_DIR)/LoLUdacity.app/LoLUdacity";
			};
			name = Debug;
		};
		2BDAD7B51CBEA11700F0298E /* Release */ = {
			isa = XCBuildConfiguration;
			buildSettings = {
				BUNDLE_LOADER = "$(TEST_HOST)";
				INFOPLIST_FILE = LoLUdacityTests/Info.plist;
				LD_RUNPATH_SEARCH_PATHS = "$(inherited) @executable_path/Frameworks @loader_path/Frameworks";
				PRODUCT_BUNDLE_IDENTIFIER = com.victorhong.LoLUdacityTests;
				PRODUCT_NAME = "$(TARGET_NAME)";
				TEST_HOST = "$(BUILT_PRODUCTS_DIR)/LoLUdacity.app/LoLUdacity";
			};
			name = Release;
		};
		2BDAD7B71CBEA11700F0298E /* Debug */ = {
			isa = XCBuildConfiguration;
			buildSettings = {
				INFOPLIST_FILE = LoLUdacityUITests/Info.plist;
				LD_RUNPATH_SEARCH_PATHS = "$(inherited) @executable_path/Frameworks @loader_path/Frameworks";
				PRODUCT_BUNDLE_IDENTIFIER = com.victorhong.LoLUdacityUITests;
				PRODUCT_NAME = "$(TARGET_NAME)";
				TEST_TARGET_NAME = LoLUdacity;
			};
			name = Debug;
		};
		2BDAD7B81CBEA11700F0298E /* Release */ = {
			isa = XCBuildConfiguration;
			buildSettings = {
				INFOPLIST_FILE = LoLUdacityUITests/Info.plist;
				LD_RUNPATH_SEARCH_PATHS = "$(inherited) @executable_path/Frameworks @loader_path/Frameworks";
				PRODUCT_BUNDLE_IDENTIFIER = com.victorhong.LoLUdacityUITests;
				PRODUCT_NAME = "$(TARGET_NAME)";
				TEST_TARGET_NAME = LoLUdacity;
			};
			name = Release;
		};
/* End XCBuildConfiguration section */

/* Begin XCConfigurationList section */
		2BDAD7831CBEA11700F0298E /* Build configuration list for PBXProject "LoLUdacity" */ = {
			isa = XCConfigurationList;
			buildConfigurations = (
				2BDAD7AE1CBEA11700F0298E /* Debug */,
				2BDAD7AF1CBEA11700F0298E /* Release */,
			);
			defaultConfigurationIsVisible = 0;
			defaultConfigurationName = Release;
		};
		2BDAD7B01CBEA11700F0298E /* Build configuration list for PBXNativeTarget "LoLUdacity" */ = {
			isa = XCConfigurationList;
			buildConfigurations = (
				2BDAD7B11CBEA11700F0298E /* Debug */,
				2BDAD7B21CBEA11700F0298E /* Release */,
			);
			defaultConfigurationIsVisible = 0;
		};
		2BDAD7B31CBEA11700F0298E /* Build configuration list for PBXNativeTarget "LoLUdacityTests" */ = {
			isa = XCConfigurationList;
			buildConfigurations = (
				2BDAD7B41CBEA11700F0298E /* Debug */,
				2BDAD7B51CBEA11700F0298E /* Release */,
			);
			defaultConfigurationIsVisible = 0;
		};
		2BDAD7B61CBEA11700F0298E /* Build configuration list for PBXNativeTarget "LoLUdacityUITests" */ = {
			isa = XCConfigurationList;
			buildConfigurations = (
				2BDAD7B71CBEA11700F0298E /* Debug */,
				2BDAD7B81CBEA11700F0298E /* Release */,
			);
			defaultConfigurationIsVisible = 0;
		};
/* End XCConfigurationList section */
	};
	rootObject = 2BDAD7801CBEA11700F0298E /* Project object */;
}
